
Microsoft Visual Studio Solution File, Format Version 12.00
# Visual Studio 14
VisualStudioVersion = 14.0.25420.1
MinimumVisualStudioVersion = 10.0.40219.1
Project("{FAE04EC0-301F-11D3-BF4B-00C04F79EFBC}") = "WebServicePubs", "WebServicePubs\WebServicePubs.csproj", "{828F2169-A0F5-42E9-902A-4070E505641D}"
EndProject
Global
	GlobalSection(SolutionConfigurationPlatforms) = preSolution
		Debug|Any CPU = Debug|Any CPU
		Release|Any CPU = Release|Any CPU
	EndGlobalSection
	GlobalSection(ProjectConfigurationPlatforms) = postSolution
		{828F2169-A0F5-42E9-902A-4070E505641D}.Debug|Any CPU.ActiveCfg = Debug|Any CPU
		{828F2169-A0F5-42E9-902A-4070E505641D}.Debug|Any CPU.Build.0 = Debug|Any CPU
		{828F2169-A0F5-42E9-902A-4070E505641D}.Release|Any CPU.ActiveCfg = Release|Any CPU
		{828F2169-A0F5-42E9-902A-4070E505641D}.Release|Any CPU.Build.0 = Release|Any CPU
	EndGlobalSection
	GlobalSection(SolutionProperties) = preSolution
		HideSolutionNode = FALSE
	EndGlobalSection
EndGlobal
